{
  "name": "@jmgduarte/headless-rest",
  "version": "0.0.1",
  "lockfileVersion": 3,
  "requires": true,
  "packages": {
    "": {
      "name": "@jmgduarte/headless-rest",
      "version": "0.0.1",
      "dependencies": {
        "@jmgduarte/headless-core": "git+ssh://git@github.com/jmgduarte1/headless-renderer-core.git#dist"
      }
    },
    "node_modules/@jmgduarte/headless-core": {
      "version": "0.0.1",
      "resolved": "git+ssh://git@github.com/jmgduarte1/headless-renderer-core.git#b7f0e598f598ed428a935cdb46261063cbec29f3"
    }
  }
}
